
Microsoft Visual Studio Solution File, Format Version 12.00
# Visual Studio 15
VisualStudioVersion = 15.0.28307.902
MinimumVisualStudioVersion = 10.0.40219.1
Project("{FAE04EC0-301F-11D3-BF4B-00C04F79EFBC}") = "Chroma", "Chroma\Chroma.csproj", "{22F2F50A-38E5-4866-B320-C32EC8822B3B}"
EndProject
Global
	GlobalSection(SolutionConfigurationPlatforms) = preSolution
		Debug|Any CPU = Debug|Any CPU
		Release|Any CPU = Release|Any CPU
	EndGlobalSection
	GlobalSection(ProjectConfigurationPlatforms) = postSolution
		{22F2F50A-38E5-4866-B320-C32EC8822B3B}.Debug|Any CPU.ActiveCfg = Debug|Any CPU
		{22F2F50A-38E5-4866-B320-C32EC8822B3B}.Debug|Any CPU.Build.0 = Debug|Any CPU
		{22F2F50A-38E5-4866-B320-C32EC8822B3B}.Release|Any CPU.ActiveCfg = Release|Any CPU
		{22F2F50A-38E5-4866-B320-C32EC8822B3B}.Release|Any CPU.Build.0 = Release|Any CPU
	EndGlobalSection
	GlobalSection(SolutionProperties) = preSolution
		HideSolutionNode = FALSE
	EndGlobalSection
	GlobalSection(ExtensibilityGlobals) = postSolution
		SolutionGuid = {B683B314-E34B-4E48-A64D-3BD5103B75E6}
	EndGlobalSection
EndGlobal
